
Microsoft Visual Studio Solution File, Format Version 12.00
# Visual Studio Version 16
VisualStudioVersion = 16.0.30011.22
MinimumVisualStudioVersion = 10.0.40219.1
Project("{F184B08F-C81C-45F6-A57F-5ABD9991F28F}") = "webappgit", "webappgit\webappgit.vbproj", "{43CD59B9-1E64-478F-81C8-894E748507A3}"
EndProject
Global
	GlobalSection(SolutionConfigurationPlatforms) = preSolution
		Debug|Any CPU = Debug|Any CPU
		Release|Any CPU = Release|Any CPU
	EndGlobalSection
	GlobalSection(ProjectConfigurationPlatforms) = postSolution
		{43CD59B9-1E64-478F-81C8-894E748507A3}.Debug|Any CPU.ActiveCfg = Debug|Any CPU
		{43CD59B9-1E64-478F-81C8-894E748507A3}.Debug|Any CPU.Build.0 = Debug|Any CPU
		{43CD59B9-1E64-478F-81C8-894E748507A3}.Release|Any CPU.ActiveCfg = Release|Any CPU
		{43CD59B9-1E64-478F-81C8-894E748507A3}.Release|Any CPU.Build.0 = Release|Any CPU
	EndGlobalSection
	GlobalSection(SolutionProperties) = preSolution
		HideSolutionNode = FALSE
	EndGlobalSection
	GlobalSection(ExtensibilityGlobals) = postSolution
		SolutionGuid = {774DCC0B-CE4C-4DB7-A498-824B689CD81E}
	EndGlobalSection
EndGlobal
